
Microsoft Visual Studio Solution File, Format Version 12.00
# Visual Studio Version 16
VisualStudioVersion = 16.0.32901.82
MinimumVisualStudioVersion = 10.0.40219.1
Project("{FAE04EC0-301F-11D3-BF4B-00C04F79EFBC}") = "SalgadosApp", "SalgadosApp\SalgadosApp.csproj", "{EC8570BF-E5C2-44E3-AB70-C31BAAFD7C4E}"
EndProject
Global
	GlobalSection(SolutionConfigurationPlatforms) = preSolution
		Debug|Any CPU = Debug|Any CPU
		Debug|x64 = Debug|x64
		Release|Any CPU = Release|Any CPU
		Release|x64 = Release|x64
	EndGlobalSection
	GlobalSection(ProjectConfigurationPlatforms) = postSolution
		{EC8570BF-E5C2-44E3-AB70-C31BAAFD7C4E}.Debug|Any CPU.ActiveCfg = Debug|Any CPU
		{EC8570BF-E5C2-44E3-AB70-C31BAAFD7C4E}.Debug|Any CPU.Build.0 = Debug|Any CPU
		{EC8570BF-E5C2-44E3-AB70-C31BAAFD7C4E}.Debug|x64.ActiveCfg = Debug|x64
		{EC8570BF-E5C2-44E3-AB70-C31BAAFD7C4E}.Debug|x64.Build.0 = Debug|x64
		{EC8570BF-E5C2-44E3-AB70-C31BAAFD7C4E}.Release|Any CPU.ActiveCfg = Release|Any CPU
		{EC8570BF-E5C2-44E3-AB70-C31BAAFD7C4E}.Release|Any CPU.Build.0 = Release|Any CPU
		{EC8570BF-E5C2-44E3-AB70-C31BAAFD7C4E}.Release|x64.ActiveCfg = Release|x64
		{EC8570BF-E5C2-44E3-AB70-C31BAAFD7C4E}.Release|x64.Build.0 = Release|x64
	EndGlobalSection
	GlobalSection(SolutionProperties) = preSolution
		HideSolutionNode = FALSE
	EndGlobalSection
	GlobalSection(ExtensibilityGlobals) = postSolution
		SolutionGuid = {7F055A14-DCB2-4AE1-B785-D8B25038DB68}
	EndGlobalSection
EndGlobal
